{
  "name": "pk-deploy",
  "version": "1.0.0",
  "lockfileVersion": 1,
  "requires": true,
  "dependencies": {
    "basic-ftp": {
      "version": "4.5.3",
      "resolved": "https://registry.npmjs.org/basic-ftp/-/basic-ftp-4.5.3.tgz",
      "integrity": "sha512-QYoKGxP///pdgS3xVCsj8L2dqn0O9Y/SzGmoBzq+SZRrQ6QWijBVk/VrygmWxOUNr6svAzQgTkP+MtzzwVTA0A=="
    }
  }
}
